// !$*UTF8*$!
{
	archiveVersion = 1;
	classes = {
	};
	objectVersion = 51;
	objects = {

/* Begin PBXBuildFile section */
		20E92F31745F35926D931CA0 /* Pods_Paradigms.framework in Frameworks */ = {isa = PBXBuildFile; fileRef = 32B4D6BBDF26EAB5353E7EC4 /* Pods_Paradigms.framework */; };
		775A072F6383965E6648E9B2 /* Pods_ParadigmsUITests.framework in Frameworks */ = {isa = PBXBuildFile; fileRef = 09FA7C58C395F32F578D7E7D /* Pods_ParadigmsUITests.framework */; };
		96867C18237B4E7800221C73 /* Environment.swift in Sources */ = {isa = PBXBuildFile; fileRef = 96867C17237B4E7800221C73 /* Environment.swift */; };
		96867C1C237B502400221C73 /* MockEnvironment.swift in Sources */ = {isa = PBXBuildFile; fileRef = 96867C1B237B502400221C73 /* MockEnvironment.swift */; };
		96867C1E237B510400221C73 /* Date+Creation.swift in Sources */ = {isa = PBXBuildFile; fileRef = 96867C1D237B510400221C73 /* Date+Creation.swift */; };
		96867C20237B519100221C73 /* DateTests.swift in Sources */ = {isa = PBXBuildFile; fileRef = 96867C1F237B519100221C73 /* DateTests.swift */; };
		96867C22237B51ED00221C73 /* BaseTestCase.swift in Sources */ = {isa = PBXBuildFile; fileRef = 96867C21237B51ED00221C73 /* BaseTestCase.swift */; };
		96A679A1237B2B320011D883 /* AppDelegate.swift in Sources */ = {isa = PBXBuildFile; fileRef = 96A679A0237B2B320011D883 /* AppDelegate.swift */; };
		96A679AB237B2B320011D883 /* Paradigms.xcdatamodeld in Sources */ = {isa = PBXBuildFile; fileRef = 96A679A9237B2B320011D883 /* Paradigms.xcdatamodeld */; };
		96A679AD237B2B330011D883 /* Assets.xcassets in Resources */ = {isa = PBXBuildFile; fileRef = 96A679AC237B2B330011D883 /* Assets.xcassets */; };
		96A679C6237B2B340011D883 /* ParadigmsUITests.swift in Sources */ = {isa = PBXBuildFile; fileRef = 96A679C5237B2B340011D883 /* ParadigmsUITests.swift */; };
		96A679D7237B33DC0011D883 /* HomeViewController.swift in Sources */ = {isa = PBXBuildFile; fileRef = 96A679D5237B33DC0011D883 /* HomeViewController.swift */; };
		96A679D8237B33DC0011D883 /* HomeViewController.xib in Resources */ = {isa = PBXBuildFile; fileRef = 96A679D6237B33DC0011D883 /* HomeViewController.xib */; };
		96A679DA237B34B40011D883 /* LaunchScreen.xib in Resources */ = {isa = PBXBuildFile; fileRef = 96A679D9237B34B40011D883 /* LaunchScreen.xib */; };
		96A679DE237B3E5C0011D883 /* ExampleCell.swift in Sources */ = {isa = PBXBuildFile; fileRef = 96A679DC237B3E5C0011D883 /* ExampleCell.swift */; };
		96A679DF237B3E5C0011D883 /* ExampleCell.xib in Resources */ = {isa = PBXBuildFile; fileRef = 96A679DD237B3E5C0011D883 /* ExampleCell.xib */; };
		96A679E4237B42510011D883 /* DateExamplesViewController.swift in Sources */ = {isa = PBXBuildFile; fileRef = 96A679E2237B42510011D883 /* DateExamplesViewController.swift */; };
		96A679E5237B42510011D883 /* DateExamplesViewController.xib in Resources */ = {isa = PBXBuildFile; fileRef = 96A679E3237B42510011D883 /* DateExamplesViewController.xib */; };
		96A679EB237B438C0011D883 /* DateFormatter+Convenience.swift in Sources */ = {isa = PBXBuildFile; fileRef = 96A679EA237B438C0011D883 /* DateFormatter+Convenience.swift */; };
		BEEA56E837E819E65AC8F546 /* Pods_ParadigmsTests.framework in Frameworks */ = {isa = PBXBuildFile; fileRef = 02909CCB2BFBD8F5601C9955 /* Pods_ParadigmsTests.framework */; };
/* End PBXBuildFile section */

/* Begin PBXContainerItemProxy section */
		96A679B7237B2B330011D883 /* PBXContainerItemProxy */ = {
			isa = PBXContainerItemProxy;
			containerPortal = 96A67995237B2B320011D883 /* Project object */;
			proxyType = 1;
			remoteGlobalIDString = 96A6799C237B2B320011D883;
			remoteInfo = Paradigms;
		};
		96A679C2237B2B340011D883 /* PBXContainerItemProxy */ = {
			isa = PBXContainerItemProxy;
			containerPortal = 96A67995237B2B320011D883 /* Project object */;
			proxyType = 1;
			remoteGlobalIDString = 96A6799C237B2B320011D883;
			remoteInfo = Paradigms;
		};
/* End PBXContainerItemProxy section */

/* Begin PBXFileReference section */
		02909CCB2BFBD8F5601C9955 /* Pods_ParadigmsTests.framework */ = {isa = PBXFileReference; explicitFileType = wrapper.framework; includeInIndex = 0; path = Pods_ParadigmsTests.framework; sourceTree = BUILT_PRODUCTS_DIR; };
		09FA7C58C395F32F578D7E7D /* Pods_ParadigmsUITests.framework */ = {isa = PBXFileReference; explicitFileType = wrapper.framework; includeInIndex = 0; path = Pods_ParadigmsUITests.framework; sourceTree = BUILT_PRODUCTS_DIR; };
		11A7863EA74310B975CAFFC5 /* Pods-ParadigmsTests.debug.xcconfig */ = {isa = PBXFileReference; includeInIndex = 1; lastKnownFileType = text.xcconfig; name = "Pods-ParadigmsTests.debug.xcconfig"; path = "Target Support Files/Pods-ParadigmsTests/Pods-ParadigmsTests.debug.xcconfig"; sourceTree = "<group>"; };
		320668B73E0104F886C2A9A4 /* Pods-ParadigmsTests.release.xcconfig */ = {isa = PBXFileReference; includeInIndex = 1; lastKnownFileType = text.xcconfig; name = "Pods-ParadigmsTests.release.xcconfig"; path = "Target Support Files/Pods-ParadigmsTests/Pods-ParadigmsTests.release.xcconfig"; sourceTree = "<group>"; };
		32B4D6BBDF26EAB5353E7EC4 /* Pods_Paradigms.framework */ = {isa = PBXFileReference; explicitFileType = wrapper.framework; includeInIndex = 0; path = Pods_Paradigms.framework; sourceTree = BUILT_PRODUCTS_DIR; };
		5382985449E29F21A17B5870 /* Pods-ParadigmsUITests.release.xcconfig */ = {isa = PBXFileReference; includeInIndex = 1; lastKnownFileType = text.xcconfig; name = "Pods-ParadigmsUITests.release.xcconfig"; path = "Target Support Files/Pods-ParadigmsUITests/Pods-ParadigmsUITests.release.xcconfig"; sourceTree = "<group>"; };
		6B2117BADE80CFB9162B3AD9 /* Pods-ParadigmsUITests.debug.xcconfig */ = {isa = PBXFileReference; includeInIndex = 1; lastKnownFileType = text.xcconfig; name = "Pods-ParadigmsUITests.debug.xcconfig"; path = "Target Support Files/Pods-ParadigmsUITests/Pods-ParadigmsUITests.debug.xcconfig"; sourceTree = "<group>"; };
		96867C17237B4E7800221C73 /* Environment.swift */ = {isa = PBXFileReference; lastKnownFileType = sourcecode.swift; path = Environment.swift; sourceTree = "<group>"; };
		96867C1B237B502400221C73 /* MockEnvironment.swift */ = {isa = PBXFileReference; lastKnownFileType = sourcecode.swift; path = MockEnvironment.swift; sourceTree = "<group>"; };
		96867C1D237B510400221C73 /* Date+Creation.swift */ = {isa = PBXFileReference; lastKnownFileType = sourcecode.swift; path = "Date+Creation.swift"; sourceTree = "<group>"; };
		96867C1F237B519100221C73 /* DateTests.swift */ = {isa = PBXFileReference; lastKnownFileType = sourcecode.swift; path = DateTests.swift; sourceTree = "<group>"; };
		96867C21237B51ED00221C73 /* BaseTestCase.swift */ = {isa = PBXFileReference; lastKnownFileType = sourcecode.swift; path = BaseTestCase.swift; sourceTree = "<group>"; };
		96A6799D237B2B320011D883 /* Paradigms.app */ = {isa = PBXFileReference; explicitFileType = wrapper.application; includeInIndex = 0; path = Paradigms.app; sourceTree = BUILT_PRODUCTS_DIR; };
		96A679A0237B2B320011D883 /* AppDelegate.swift */ = {isa = PBXFileReference; lastKnownFileType = sourcecode.swift; path = AppDelegate.swift; sourceTree = "<group>"; };
		96A679AA237B2B320011D883 /* Paradigms.xcdatamodel */ = {isa = PBXFileReference; lastKnownFileType = wrapper.xcdatamodel; path = Paradigms.xcdatamodel; sourceTree = "<group>"; };
		96A679AC237B2B330011D883 /* Assets.xcassets */ = {isa = PBXFileReference; lastKnownFileType = folder.assetcatalog; path = Assets.xcassets; sourceTree = "<group>"; };
		96A679B1237B2B330011D883 /* Info.plist */ = {isa = PBXFileReference; lastKnownFileType = text.plist.xml; path = Info.plist; sourceTree = "<group>"; };
		96A679B6237B2B330011D883 /* ParadigmsTests.xctest */ = {isa = PBXFileReference; explicitFileType = wrapper.cfbundle; includeInIndex = 0; path = ParadigmsTests.xctest; sourceTree = BUILT_PRODUCTS_DIR; };
		96A679BC237B2B330011D883 /* Info.plist */ = {isa = PBXFileReference; lastKnownFileType = text.plist.xml; path = Info.plist; sourceTree = "<group>"; };
		96A679C1237B2B340011D883 /* ParadigmsUITests.xctest */ = {isa = PBXFileReference; explicitFileType = wrapper.cfbundle; includeInIndex = 0; path = ParadigmsUITests.xctest; sourceTree = BUILT_PRODUCTS_DIR; };
		96A679C5237B2B340011D883 /* ParadigmsUITests.swift */ = {isa = PBXFileReference; lastKnownFileType = sourcecode.swift; path = ParadigmsUITests.swift; sourceTree = "<group>"; };
		96A679C7237B2B340011D883 /* Info.plist */ = {isa = PBXFileReference; lastKnownFileType = text.plist.xml; path = Info.plist; sourceTree = "<group>"; };
		96A679D5237B33DC0011D883 /* HomeViewController.swift */ = {isa = PBXFileReference; lastKnownFileType = sourcecode.swift; path = HomeViewController.swift; sourceTree = "<group>"; };
		96A679D6237B33DC0011D883 /* HomeViewController.xib */ = {isa = PBXFileReference; lastKnownFileType = file.xib; path = HomeViewController.xib; sourceTree = "<group>"; };
		96A679D9237B34B40011D883 /* LaunchScreen.xib */ = {isa = PBXFileReference; lastKnownFileType = file.xib; path = LaunchScreen.xib; sourceTree = "<group>"; };
		96A679DC237B3E5C0011D883 /* ExampleCell.swift */ = {isa = PBXFileReference; lastKnownFileType = sourcecode.swift; path = ExampleCell.swift; sourceTree = "<group>"; };
		96A679DD237B3E5C0011D883 /* ExampleCell.xib */ = {isa = PBXFileReference; lastKnownFileType = file.xib; path = ExampleCell.xib; sourceTree = "<group>"; };
		96A679E2237B42510011D883 /* DateExamplesViewController.swift */ = {isa = PBXFileReference; lastKnownFileType = sourcecode.swift; path = DateExamplesViewController.swift; sourceTree = "<group>"; };
		96A679E3237B42510011D883 /* DateExamplesViewController.xib */ = {isa = PBXFileReference; lastKnownFileType = file.xib; path = DateExamplesViewController.xib; sourceTree = "<group>"; };
		96A679EA237B438C0011D883 /* DateFormatter+Convenience.swift */ = {isa = PBXFileReference; lastKnownFileType = sourcecode.swift; path = "DateFormatter+Convenience.swift"; sourceTree = "<group>"; };
		D57BB4194252106699463FB3 /* Pods-Paradigms.release.xcconfig */ = {isa = PBXFileReference; includeInIndex = 1; lastKnownFileType = text.xcconfig; name = "Pods-Paradigms.release.xcconfig"; path = "Target Support Files/Pods-Paradigms/Pods-Paradigms.release.xcconfig"; sourceTree = "<group>"; };
		D5F9C977558B09FD8AB48DE2 /* Pods-Paradigms.debug.xcconfig */ = {isa = PBXFileReference; includeInIndex = 1; lastKnownFileType = text.xcconfig; name = "Pods-Paradigms.debug.xcconfig"; path = "Target Support Files/Pods-Paradigms/Pods-Paradigms.debug.xcconfig"; sourceTree = "<group>"; };
/* End PBXFileReference section */

/* Begin PBXFrameworksBuildPhase section */
		96A6799A237B2B320011D883 /* Frameworks */ = {
			isa = PBXFrameworksBuildPhase;
			buildActionMask = 2147483647;
			files = (
				20E92F31745F35926D931CA0 /* Pods_Paradigms.framework in Frameworks */,
			);
			runOnlyForDeploymentPostprocessing = 0;
		};
		96A679B3237B2B330011D883 /* Frameworks */ = {
			isa = PBXFrameworksBuildPhase;
			buildActionMask = 2147483647;
			files = (
				BEEA56E837E819E65AC8F546 /* Pods_ParadigmsTests.framework in Frameworks */,
			);
			runOnlyForDeploymentPostprocessing = 0;
		};
		96A679BE237B2B340011D883 /* Frameworks */ = {
			isa = PBXFrameworksBuildPhase;
			buildActionMask = 2147483647;
			files = (
				775A072F6383965E6648E9B2 /* Pods_ParadigmsUITests.framework in Frameworks */,
			);
			runOnlyForDeploymentPostprocessing = 0;
		};
/* End PBXFrameworksBuildPhase section */

/* Begin PBXGroup section */
		612BE7F038A8815FE1A5D786 /* Frameworks */ = {
			isa = PBXGroup;
			children = (
				32B4D6BBDF26EAB5353E7EC4 /* Pods_Paradigms.framework */,
				02909CCB2BFBD8F5601C9955 /* Pods_ParadigmsTests.framework */,
				09FA7C58C395F32F578D7E7D /* Pods_ParadigmsUITests.framework */,
			);
			name = Frameworks;
			sourceTree = "<group>";
		};
		752AFE4E8CA2D880A0A39877 /* Pods */ = {
			isa = PBXGroup;
			children = (
				D5F9C977558B09FD8AB48DE2 /* Pods-Paradigms.debug.xcconfig */,
				D57BB4194252106699463FB3 /* Pods-Paradigms.release.xcconfig */,
				11A7863EA74310B975CAFFC5 /* Pods-ParadigmsTests.debug.xcconfig */,
				320668B73E0104F886C2A9A4 /* Pods-ParadigmsTests.release.xcconfig */,
				6B2117BADE80CFB9162B3AD9 /* Pods-ParadigmsUITests.debug.xcconfig */,
				5382985449E29F21A17B5870 /* Pods-ParadigmsUITests.release.xcconfig */,
			);
			path = Pods;
			sourceTree = "<group>";
		};
		96867C16237B4E6800221C73 /* Environment */ = {
			isa = PBXGroup;
			children = (
				96867C17237B4E7800221C73 /* Environment.swift */,
			);
			path = Environment;
			sourceTree = "<group>";
		};
		96867C19237B4FFB00221C73 /* MockObjects */ = {
			isa = PBXGroup;
			children = (
				96867C1B237B502400221C73 /* MockEnvironment.swift */,
			);
			path = MockObjects;
			sourceTree = "<group>";
		};
		96867C1A237B500500221C73 /* Dates */ = {
			isa = PBXGroup;
			children = (
				96867C1F237B519100221C73 /* DateTests.swift */,
			);
			path = Dates;
			sourceTree = "<group>";
		};
		96A67994237B2B320011D883 = {
			isa = PBXGroup;
			children = (
				96A6799F237B2B320011D883 /* Paradigms */,
				96A679B9237B2B330011D883 /* ParadigmsTests */,
				96A679C4237B2B340011D883 /* ParadigmsUITests */,
				96A6799E237B2B320011D883 /* Products */,
				752AFE4E8CA2D880A0A39877 /* Pods */,
				612BE7F038A8815FE1A5D786 /* Frameworks */,
			);
			sourceTree = "<group>";
		};
		96A6799E237B2B320011D883 /* Products */ = {
			isa = PBXGroup;
			children = (
				96A6799D237B2B320011D883 /* Paradigms.app */,
				96A679B6237B2B330011D883 /* ParadigmsTests.xctest */,
				96A679C1237B2B340011D883 /* ParadigmsUITests.xctest */,
			);
			name = Products;
			sourceTree = "<group>";
		};
		96A6799F237B2B320011D883 /* Paradigms */ = {
			isa = PBXGroup;
			children = (
				96867C16237B4E6800221C73 /* Environment */,
				96A679E6237B43330011D883 /* Utility */,
				96A679D4237B33BB0011D883 /* View Controllers */,
				96A679D3237B31F40011D883 /* Models */,
				96A679DB237B35460011D883 /* Resources */,
				96A679A0237B2B320011D883 /* AppDelegate.swift */,
				96A679B1237B2B330011D883 /* Info.plist */,
			);
			path = Paradigms;
			sourceTree = "<group>";
		};
		96A679B9237B2B330011D883 /* ParadigmsTests */ = {
			isa = PBXGroup;
			children = (
				96867C1A237B500500221C73 /* Dates */,
				96867C19237B4FFB00221C73 /* MockObjects */,
				96A679BC237B2B330011D883 /* Info.plist */,
				96867C21237B51ED00221C73 /* BaseTestCase.swift */,
			);
			path = ParadigmsTests;
			sourceTree = "<group>";
		};
		96A679C4237B2B340011D883 /* ParadigmsUITests */ = {
			isa = PBXGroup;
			children = (
				96A679C5237B2B340011D883 /* ParadigmsUITests.swift */,
				96A679C7237B2B340011D883 /* Info.plist */,
			);
			path = ParadigmsUITests;
			sourceTree = "<group>";
		};
		96A679D3237B31F40011D883 /* Models */ = {
			isa = PBXGroup;
			children = (
				96A679A9237B2B320011D883 /* Paradigms.xcdatamodeld */,
			);
			path = Models;
			sourceTree = "<group>";
		};
		96A679D4237B33BB0011D883 /* View Controllers */ = {
			isa = PBXGroup;
			children = (
				96A679E1237B422B0011D883 /* Examples */,
				96A679E0237B421C0011D883 /* Home */,
			);
			path = "View Controllers";
			sourceTree = "<group>";
		};
		96A679DB237B35460011D883 /* Resources */ = {
			isa = PBXGroup;
			children = (
				96A679AC237B2B330011D883 /* Assets.xcassets */,
				96A679D9237B34B40011D883 /* LaunchScreen.xib */,
			);
			path = Resources;
			sourceTree = "<group>";
		};
		96A679E0237B421C0011D883 /* Home */ = {
			isa = PBXGroup;
			children = (
				96A679D5237B33DC0011D883 /* HomeViewController.swift */,
				96A679D6237B33DC0011D883 /* HomeViewController.xib */,
				96A679DC237B3E5C0011D883 /* ExampleCell.swift */,
				96A679DD237B3E5C0011D883 /* ExampleCell.xib */,
			);
			path = Home;
			sourceTree = "<group>";
		};
		96A679E1237B422B0011D883 /* Examples */ = {
			isa = PBXGroup;
			children = (
				96A679E2237B42510011D883 /* DateExamplesViewController.swift */,
				96A679E3237B42510011D883 /* DateExamplesViewController.xib */,
			);
			path = Examples;
			sourceTree = "<group>";
		};
		96A679E6237B43330011D883 /* Utility */ = {
			isa = PBXGroup;
			children = (
				96A679E7237B433A0011D883 /* Extensions */,
			);
			path = Utility;
			sourceTree = "<group>";
		};
		96A679E7237B433A0011D883 /* Extensions */ = {
			isa = PBXGroup;
			children = (
				96A679EA237B438C0011D883 /* DateFormatter+Convenience.swift */,
				96867C1D237B510400221C73 /* Date+Creation.swift */,
			);
			path = Extensions;
			sourceTree = "<group>";
		};
/* End PBXGroup section */

/* Begin PBXNativeTarget section */
		96A6799C237B2B320011D883 /* Paradigms */ = {
			isa = PBXNativeTarget;
			buildConfigurationList = 96A679CA237B2B340011D883 /* Build configuration list for PBXNativeTarget "Paradigms" */;
			buildPhases = (
				0EF3CC667D87B8EF59A7DF99 /* [CP] Check Pods Manifest.lock */,
				96A67999237B2B320011D883 /* Sources */,
				96A6799A237B2B320011D883 /* Frameworks */,
				96A6799B237B2B320011D883 /* Resources */,
				F77EC04884E01A0F03C1880D /* [CP] Embed Pods Frameworks */,
			);
			buildRules = (
			);
			dependencies = (
			);
			name = Paradigms;
			productName = Paradigms;
			productReference = 96A6799D237B2B320011D883 /* Paradigms.app */;
			productType = "com.apple.product-type.application";
		};
		96A679B5237B2B330011D883 /* ParadigmsTests */ = {
			isa = PBXNativeTarget;
			buildConfigurationList = 96A679CD237B2B340011D883 /* Build configuration list for PBXNativeTarget "ParadigmsTests" */;
			buildPhases = (
				0AE406813A19D5CC72BF38F8 /* [CP] Check Pods Manifest.lock */,
				96A679B2237B2B330011D883 /* Sources */,
				96A679B3237B2B330011D883 /* Frameworks */,
				96A679B4237B2B330011D883 /* Resources */,
				745C8666A2479E7E99031F86 /* [CP] Embed Pods Frameworks */,
			);
			buildRules = (
			);
			dependencies = (
				96A679B8237B2B330011D883 /* PBXTargetDependency */,
			);
			name = ParadigmsTests;
			productName = ParadigmsTests;
			productReference = 96A679B6237B2B330011D883 /* ParadigmsTests.xctest */;
			productType = "com.apple.product-type.bundle.unit-test";
		};
		96A679C0237B2B340011D883 /* ParadigmsUITests */ = {
			isa = PBXNativeTarget;
			buildConfigurationList = 96A679D0237B2B340011D883 /* Build configuration list for PBXNativeTarget "ParadigmsUITests" */;
			buildPhases = (
				D60C63A927E054336E8A3F50 /* [CP] Check Pods Manifest.lock */,
				96A679BD237B2B340011D883 /* Sources */,
				96A679BE237B2B340011D883 /* Frameworks */,
				96A679BF237B2B340011D883 /* Resources */,
				D422EB5A675175A1260FE783 /* [CP] Embed Pods Frameworks */,
			);
			buildRules = (
			);
			dependencies = (
				96A679C3237B2B340011D883 /* PBXTargetDependency */,
			);
			name = ParadigmsUITests;
			productName = ParadigmsUITests;
			productReference = 96A679C1237B2B340011D883 /* ParadigmsUITests.xctest */;
			productType = "com.apple.product-type.bundle.ui-testing";
		};
/* End PBXNativeTarget section */

/* Begin PBXProject section */
		96A67995237B2B320011D883 /* Project object */ = {
			isa = PBXProject;
			attributes = {
				LastSwiftUpdateCheck = 1110;
				LastUpgradeCheck = 1110;
				ORGANIZATIONNAME = BevTheDev;
				TargetAttributes = {
					96A6799C237B2B320011D883 = {
						CreatedOnToolsVersion = 11.1;
					};
					96A679B5237B2B330011D883 = {
						CreatedOnToolsVersion = 11.1;
						LastSwiftMigration = 1110;
						TestTargetID = 96A6799C237B2B320011D883;
					};
					96A679C0237B2B340011D883 = {
						CreatedOnToolsVersion = 11.1;
						TestTargetID = 96A6799C237B2B320011D883;
					};
				};
			};
			buildConfigurationList = 96A67998237B2B320011D883 /* Build configuration list for PBXProject "Paradigms" */;
			compatibilityVersion = "Xcode 9.3";
			developmentRegion = en;
			hasScannedForEncodings = 0;
			knownRegions = (
				en,
				Base,
			);
			mainGroup = 96A67994237B2B320011D883;
			productRefGroup = 96A6799E237B2B320011D883 /* Products */;
			projectDirPath = "";
			projectRoot = "";
			targets = (
				96A6799C237B2B320011D883 /* Paradigms */,
				96A679B5237B2B330011D883 /* ParadigmsTests */,
				96A679C0237B2B340011D883 /* ParadigmsUITests */,
			);
		};
/* End PBXProject section */

/* Begin PBXResourcesBuildPhase section */
		96A6799B237B2B320011D883 /* Resources */ = {
			isa = PBXResourcesBuildPhase;
			buildActionMask = 2147483647;
			files = (
				96A679DF237B3E5C0011D883 /* ExampleCell.xib in Resources */,
				96A679E5237B42510011D883 /* DateExamplesViewController.xib in Resources */,
				96A679AD237B2B330011D883 /* Assets.xcassets in Resources */,
				96A679DA237B34B40011D883 /* LaunchScreen.xib in Resources */,
				96A679D8237B33DC0011D883 /* HomeViewController.xib in Resources */,
			);
			runOnlyForDeploymentPostprocessing = 0;
		};
		96A679B4237B2B330011D883 /* Resources */ = {
			isa = PBXResourcesBuildPhase;
			buildActionMask = 2147483647;
			files = (
			);
			runOnlyForDeploymentPostprocessing = 0;
		};
		96A679BF237B2B340011D883 /* Resources */ = {
			isa = PBXResourcesBuildPhase;
			buildActionMask = 2147483647;
			files = (
			);
			runOnlyForDeploymentPostprocessing = 0;
		};
/* End PBXResourcesBuildPhase section */

/* Begin PBXShellScriptBuildPhase section */
		0AE406813A19D5CC72BF38F8 /* [CP] Check Pods Manifest.lock */ = {
			isa = PBXShellScriptBuildPhase;
			buildActionMask = 2147483647;
			files = (
			);
			inputFileListPaths = (
			);
			inputPaths = (
				"${PODS_PODFILE_DIR_PATH}/Podfile.lock",
				"${PODS_ROOT}/Manifest.lock",
			);
			name = "[CP] Check Pods Manifest.lock";
			outputFileListPaths = (
			);
			outputPaths = (
				"$(DERIVED_FILE_DIR)/Pods-ParadigmsTests-checkManifestLockResult.txt",
			);
			runOnlyForDeploymentPostprocessing = 0;
			shellPath = /bin/sh;
			shellScript = "diff \"${PODS_PODFILE_DIR_PATH}/Podfile.lock\" \"${PODS_ROOT}/Manifest.lock\" > /dev/null\nif [ $? != 0 ] ; then\n    # print error to STDERR\n    echo \"error: The sandbox is not in sync with the Podfile.lock. Run 'pod install' or update your CocoaPods installation.\" >&2\n    exit 1\nfi\n# This output is used by Xcode 'outputs' to avoid re-running this script phase.\necho \"SUCCESS\" > \"${SCRIPT_OUTPUT_FILE_0}\"\n";
			showEnvVarsInLog = 0;
		};
		0EF3CC667D87B8EF59A7DF99 /* [CP] Check Pods Manifest.lock */ = {
			isa = PBXShellScriptBuildPhase;
			buildActionMask = 2147483647;
			files = (
			);
			inputFileListPaths = (
			);
			inputPaths = (
				"${PODS_PODFILE_DIR_PATH}/Podfile.lock",
				"${PODS_ROOT}/Manifest.lock",
			);
			name = "[CP] Check Pods Manifest.lock";
			outputFileListPaths = (
			);
			outputPaths = (
				"$(DERIVED_FILE_DIR)/Pods-Paradigms-checkManifestLockResult.txt",
			);
			runOnlyForDeploymentPostprocessing = 0;
			shellPath = /bin/sh;
			shellScript = "diff \"${PODS_PODFILE_DIR_PATH}/Podfile.lock\" \"${PODS_ROOT}/Manifest.lock\" > /dev/null\nif [ $? != 0 ] ; then\n    # print error to STDERR\n    echo \"error: The sandbox is not in sync with the Podfile.lock. Run 'pod install' or update your CocoaPods installation.\" >&2\n    exit 1\nfi\n# This output is used by Xcode 'outputs' to avoid re-running this script phase.\necho \"SUCCESS\" > \"${SCRIPT_OUTPUT_FILE_0}\"\n";
			showEnvVarsInLog = 0;
		};
		745C8666A2479E7E99031F86 /* [CP] Embed Pods Frameworks */ = {
			isa = PBXShellScriptBuildPhase;
			buildActionMask = 2147483647;
			files = (
			);
			inputFileListPaths = (
				"${PODS_ROOT}/Target Support Files/Pods-ParadigmsTests/Pods-ParadigmsTests-frameworks-${CONFIGURATION}-input-files.xcfilelist",
			);
			name = "[CP] Embed Pods Frameworks";
			outputFileListPaths = (
				"${PODS_ROOT}/Target Support Files/Pods-ParadigmsTests/Pods-ParadigmsTests-frameworks-${CONFIGURATION}-output-files.xcfilelist",
			);
			runOnlyForDeploymentPostprocessing = 0;
			shellPath = /bin/sh;
			shellScript = "\"${PODS_ROOT}/Target Support Files/Pods-ParadigmsTests/Pods-ParadigmsTests-frameworks.sh\"\n";
			showEnvVarsInLog = 0;
		};
		D422EB5A675175A1260FE783 /* [CP] Embed Pods Frameworks */ = {
			isa = PBXShellScriptBuildPhase;
			buildActionMask = 2147483647;
			files = (
			);
			inputFileListPaths = (
				"${PODS_ROOT}/Target Support Files/Pods-ParadigmsUITests/Pods-ParadigmsUITests-frameworks-${CONFIGURATION}-input-files.xcfilelist",
			);
			name = "[CP] Embed Pods Frameworks";
			outputFileListPaths = (
				"${PODS_ROOT}/Target Support Files/Pods-ParadigmsUITests/Pods-ParadigmsUITests-frameworks-${CONFIGURATION}-output-files.xcfilelist",
			);
			runOnlyForDeploymentPostprocessing = 0;
			shellPath = /bin/sh;
			shellScript = "\"${PODS_ROOT}/Target Support Files/Pods-ParadigmsUITests/Pods-ParadigmsUITests-frameworks.sh\"\n";
			showEnvVarsInLog = 0;
		};
		D60C63A927E054336E8A3F50 /* [CP] Check Pods Manifest.lock */ = {
			isa = PBXShellScriptBuildPhase;
			buildActionMask = 2147483647;
			files = (
			);
			inputFileListPaths = (
			);
			inputPaths = (
				"${PODS_PODFILE_DIR_PATH}/Podfile.lock",
				"${PODS_ROOT}/Manifest.lock",
			);
			name = "[CP] Check Pods Manifest.lock";
			outputFileListPaths = (
			);
			outputPaths = (
				"$(DERIVED_FILE_DIR)/Pods-ParadigmsUITests-checkManifestLockResult.txt",
			);
			runOnlyForDeploymentPostprocessing = 0;
			shellPath = /bin/sh;
			shellScript = "diff \"${PODS_PODFILE_DIR_PATH}/Podfile.lock\" \"${PODS_ROOT}/Manifest.lock\" > /dev/null\nif [ $? != 0 ] ; then\n    # print error to STDERR\n    echo \"error: The sandbox is not in sync with the Podfile.lock. Run 'pod install' or update your CocoaPods installation.\" >&2\n    exit 1\nfi\n# This output is used by Xcode 'outputs' to avoid re-running this script phase.\necho \"SUCCESS\" > \"${SCRIPT_OUTPUT_FILE_0}\"\n";
			showEnvVarsInLog = 0;
		};
		F77EC04884E01A0F03C1880D /* [CP] Embed Pods Frameworks */ = {
			isa = PBXShellScriptBuildPhase;
			buildActionMask = 2147483647;
			files = (
			);
			inputFileListPaths = (
				"${PODS_ROOT}/Target Support Files/Pods-Paradigms/Pods-Paradigms-frameworks-${CONFIGURATION}-input-files.xcfilelist",
			);
			name = "[CP] Embed Pods Frameworks";
			outputFileListPaths = (
				"${PODS_ROOT}/Target Support Files/Pods-Paradigms/Pods-Paradigms-frameworks-${CONFIGURATION}-output-files.xcfilelist",
			);
			runOnlyForDeploymentPostprocessing = 0;
			shellPath = /bin/sh;
			shellScript = "\"${PODS_ROOT}/Target Support Files/Pods-Paradigms/Pods-Paradigms-frameworks.sh\"\n";
			showEnvVarsInLog = 0;
		};
/* End PBXShellScriptBuildPhase section */

/* Begin PBXSourcesBuildPhase section */
		96A67999237B2B320011D883 /* Sources */ = {
			isa = PBXSourcesBuildPhase;
			buildActionMask = 2147483647;
			files = (
				96A679EB237B438C0011D883 /* DateFormatter+Convenience.swift in Sources */,
				96A679DE237B3E5C0011D883 /* ExampleCell.swift in Sources */,
				96A679E4237B42510011D883 /* DateExamplesViewController.swift in Sources */,
				96867C18237B4E7800221C73 /* Environment.swift in Sources */,
				96867C1E237B510400221C73 /* Date+Creation.swift in Sources */,
				96A679A1237B2B320011D883 /* AppDelegate.swift in Sources */,
				96A679AB237B2B320011D883 /* Paradigms.xcdatamodeld in Sources */,
				96A679D7237B33DC0011D883 /* HomeViewController.swift in Sources */,
			);
			runOnlyForDeploymentPostprocessing = 0;
		};
		96A679B2237B2B330011D883 /* Sources */ = {
			isa = PBXSourcesBuildPhase;
			buildActionMask = 2147483647;
			files = (
				96867C1C237B502400221C73 /* MockEnvironment.swift in Sources */,
				96867C22237B51ED00221C73 /* BaseTestCase.swift in Sources */,
				96867C20237B519100221C73 /* DateTests.swift in Sources */,
			);
			runOnlyForDeploymentPostprocessing = 0;
		};
		96A679BD237B2B340011D883 /* Sources */ = {
			isa = PBXSourcesBuildPhase;
			buildActionMask = 2147483647;
			files = (
				96A679C6237B2B340011D883 /* ParadigmsUITests.swift in Sources */,
			);
			runOnlyForDeploymentPostprocessing = 0;
		};
/* End PBXSourcesBuildPhase section */

/* Begin PBXTargetDependency section */
		96A679B8237B2B330011D883 /* PBXTargetDependency */ = {
			isa = PBXTargetDependency;
			target = 96A6799C237B2B320011D883 /* Paradigms */;
			targetProxy = 96A679B7237B2B330011D883 /* PBXContainerItemProxy */;
		};
		96A679C3237B2B340011D883 /* PBXTargetDependency */ = {
			isa = PBXTargetDependency;
			target = 96A6799C237B2B320011D883 /* Paradigms */;
			targetProxy = 96A679C2237B2B340011D883 /* PBXContainerItemProxy */;
		};
/* End PBXTargetDependency section */

/* Begin XCBuildConfiguration section */
		96A679C8237B2B340011D883 /* Debug */ = {
			isa = XCBuildConfiguration;
			buildSettings = {
				ALWAYS_SEARCH_USER_PATHS = NO;
				CLANG_ANALYZER_NONNULL = YES;
				CLANG_ANALYZER_NUMBER_OBJECT_CONVERSION = YES_AGGRESSIVE;
				CLANG_CXX_LANGUAGE_STANDARD = "gnu++14";
				CLANG_CXX_LIBRARY = "libc++";
				CLANG_ENABLE_MODULES = YES;
				CLANG_ENABLE_OBJC_ARC = YES;
				CLANG_ENABLE_OBJC_WEAK = YES;
				CLANG_WARN_BLOCK_CAPTURE_AUTORELEASING = YES;
				CLANG_WARN_BOOL_CONVERSION = YES;
				CLANG_WARN_COMMA = YES;
				CLANG_WARN_CONSTANT_CONVERSION = YES;
				CLANG_WARN_DEPRECATED_OBJC_IMPLEMENTATIONS = YES;
				CLANG_WARN_DIRECT_OBJC_ISA_USAGE = YES_ERROR;
				CLANG_WARN_DOCUMENTATION_COMMENTS = YES;
				CLANG_WARN_EMPTY_BODY = YES;
				CLANG_WARN_ENUM_CONVERSION = YES;
				CLANG_WARN_INFINITE_RECURSION = YES;
				CLANG_WARN_INT_CONVERSION = YES;
				CLANG_WARN_NON_LITERAL_NULL_CONVERSION = YES;
				CLANG_WARN_OBJC_IMPLICIT_RETAIN_SELF = YES;
				CLANG_WARN_OBJC_LITERAL_CONVERSION = YES;
				CLANG_WARN_OBJC_ROOT_CLASS = YES_ERROR;
				CLANG_WARN_RANGE_LOOP_ANALYSIS = YES;
				CLANG_WARN_STRICT_PROTOTYPES = YES;
				CLANG_WARN_SUSPICIOUS_MOVE = YES;
				CLANG_WARN_UNGUARDED_AVAILABILITY = YES_AGGRESSIVE;
				CLANG_WARN_UNREACHABLE_CODE = YES;
				CLANG_WARN__DUPLICATE_METHOD_MATCH = YES;
				COPY_PHASE_STRIP = NO;
				DEBUG_INFORMATION_FORMAT = dwarf;
				ENABLE_STRICT_OBJC_MSGSEND = YES;
				ENABLE_TESTABILITY = YES;
				GCC_C_LANGUAGE_STANDARD = gnu11;
				GCC_DYNAMIC_NO_PIC = NO;
				GCC_NO_COMMON_BLOCKS = YES;
				GCC_OPTIMIZATION_LEVEL = 0;
				GCC_PREPROCESSOR_DEFINITIONS = (
					"DEBUG=1",
					"$(inherited)",
				);
				GCC_WARN_64_TO_32_BIT_CONVERSION = YES;
				GCC_WARN_ABOUT_RETURN_TYPE = YES_ERROR;
				GCC_WARN_UNDECLARED_SELECTOR = YES;
				GCC_WARN_UNINITIALIZED_AUTOS = YES_AGGRESSIVE;
				GCC_WARN_UNUSED_FUNCTION = YES;
				GCC_WARN_UNUSED_VARIABLE = YES;
				IPHONEOS_DEPLOYMENT_TARGET = 13.1;
				MTL_ENABLE_DEBUG_INFO = INCLUDE_SOURCE;
				MTL_FAST_MATH = YES;
				ONLY_ACTIVE_ARCH = YES;
				SDKROOT = iphoneos;
				SWIFT_ACTIVE_COMPILATION_CONDITIONS = DEBUG;
				SWIFT_OPTIMIZATION_LEVEL = "-Onone";
				SWIFT_VERSION = 4.2;
			};
			name = Debug;
		};
		96A679C9237B2B340011D883 /* Release */ = {
			isa = XCBuildConfiguration;
			buildSettings = {
				ALWAYS_SEARCH_USER_PATHS = NO;
				CLANG_ANALYZER_NONNULL = YES;
				CLANG_ANALYZER_NUMBER_OBJECT_CONVERSION = YES_AGGRESSIVE;
				CLANG_CXX_LANGUAGE_STANDARD = "gnu++14";
				CLANG_CXX_LIBRARY = "libc++";
				CLANG_ENABLE_MODULES = YES;
				CLANG_ENABLE_OBJC_ARC = YES;
				CLANG_ENABLE_OBJC_WEAK = YES;
				CLANG_WARN_BLOCK_CAPTURE_AUTORELEASING = YES;
				CLANG_WARN_BOOL_CONVERSION = YES;
				CLANG_WARN_COMMA = YES;
				CLANG_WARN_CONSTANT_CONVERSION = YES;
				CLANG_WARN_DEPRECATED_OBJC_IMPLEMENTATIONS = YES;
				CLANG_WARN_DIRECT_OBJC_ISA_USAGE = YES_ERROR;
				CLANG_WARN_DOCUMENTATION_COMMENTS = YES;
				CLANG_WARN_EMPTY_BODY = YES;
				CLANG_WARN_ENUM_CONVERSION = YES;
				CLANG_WARN_INFINITE_RECURSION = YES;
				CLANG_WARN_INT_CONVERSION = YES;
				CLANG_WARN_NON_LITERAL_NULL_CONVERSION = YES;
				CLANG_WARN_OBJC_IMPLICIT_RETAIN_SELF = YES;
				CLANG_WARN_OBJC_LITERAL_CONVERSION = YES;
				CLANG_WARN_OBJC_ROOT_CLASS = YES_ERROR;
				CLANG_WARN_RANGE_LOOP_ANALYSIS = YES;
				CLANG_WARN_STRICT_PROTOTYPES = YES;
				CLANG_WARN_SUSPICIOUS_MOVE = YES;
				CLANG_WARN_UNGUARDED_AVAILABILITY = YES_AGGRESSIVE;
				CLANG_WARN_UNREACHABLE_CODE = YES;
				CLANG_WARN__DUPLICATE_METHOD_MATCH = YES;
				COPY_PHASE_STRIP = NO;
				DEBUG_INFORMATION_FORMAT = "dwarf-with-dsym";
				ENABLE_NS_ASSERTIONS = NO;
				ENABLE_STRICT_OBJC_MSGSEND = YES;
				GCC_C_LANGUAGE_STANDARD = gnu11;
				GCC_NO_COMMON_BLOCKS = YES;
				GCC_WARN_64_TO_32_BIT_CONVERSION = YES;
				GCC_WARN_ABOUT_RETURN_TYPE = YES_ERROR;
				GCC_WARN_UNDECLARED_SELECTOR = YES;
				GCC_WARN_UNINITIALIZED_AUTOS = YES_AGGRESSIVE;
				GCC_WARN_UNUSED_FUNCTION = YES;
				GCC_WARN_UNUSED_VARIABLE = YES;
				IPHONEOS_DEPLOYMENT_TARGET = 13.1;
				MTL_ENABLE_DEBUG_INFO = NO;
				MTL_FAST_MATH = YES;
				SDKROOT = iphoneos;
				SWIFT_COMPILATION_MODE = wholemodule;
				SWIFT_OPTIMIZATION_LEVEL = "-O";
				SWIFT_VERSION = 4.2;
				VALIDATE_PRODUCT = YES;
			};
			name = Release;
		};
		96A679CB237B2B340011D883 /* Debug */ = {
			isa = XCBuildConfiguration;
			baseConfigurationReference = D5F9C977558B09FD8AB48DE2 /* Pods-Paradigms.debug.xcconfig */;
			buildSettings = {
				ASSETCATALOG_COMPILER_APPICON_NAME = AppIcon;
				CODE_SIGN_STYLE = Automatic;
				INFOPLIST_FILE = Paradigms/Info.plist;
				LD_RUNPATH_SEARCH_PATHS = (
					"$(inherited)",
					"@executable_path/Frameworks",
				);
				PRODUCT_BUNDLE_IDENTIFIER = com.bevthedev.Paradigms;
				PRODUCT_NAME = "$(TARGET_NAME)";
				SWIFT_VERSION = 4.2;
				TARGETED_DEVICE_FAMILY = "1,2";
			};
			name = Debug;
		};
		96A679CC237B2B340011D883 /* Release */ = {
			isa = XCBuildConfiguration;
			baseConfigurationReference = D57BB4194252106699463FB3 /* Pods-Paradigms.release.xcconfig */;
			buildSettings = {
				ASSETCATALOG_COMPILER_APPICON_NAME = AppIcon;
				CODE_SIGN_STYLE = Automatic;
				INFOPLIST_FILE = Paradigms/Info.plist;
				LD_RUNPATH_SEARCH_PATHS = (
					"$(inherited)",
					"@executable_path/Frameworks",
				);
				PRODUCT_BUNDLE_IDENTIFIER = com.bevthedev.Paradigms;
				PRODUCT_NAME = "$(TARGET_NAME)";
				SWIFT_VERSION = 4.2;
				TARGETED_DEVICE_FAMILY = "1,2";
			};
			name = Release;
		};
		96A679CE237B2B340011D883 /* Debug */ = {
			isa = XCBuildConfiguration;
			baseConfigurationReference = 11A7863EA74310B975CAFFC5 /* Pods-ParadigmsTests.debug.xcconfig */;
			buildSettings = {
				ALWAYS_EMBED_SWIFT_STANDARD_LIBRARIES = YES;
				BUNDLE_LOADER = "$(TEST_HOST)";
				CLANG_ENABLE_MODULES = YES;
				CODE_SIGN_STYLE = Automatic;
				INFOPLIST_FILE = ParadigmsTests/Info.plist;
				IPHONEOS_DEPLOYMENT_TARGET = 13.1;
				LD_RUNPATH_SEARCH_PATHS = (
					"$(inherited)",
					"@executable_path/Frameworks",
					"@loader_path/Frameworks",
				);
				PRODUCT_BUNDLE_IDENTIFIER = com.bevthedev.ParadigmsTests;
				PRODUCT_NAME = "$(TARGET_NAME)";
				SWIFT_OPTIMIZATION_LEVEL = "-Onone";
				SWIFT_VERSION = 4.2;
				TARGETED_DEVICE_FAMILY = "1,2";
				TEST_HOST = "$(BUILT_PRODUCTS_DIR)/Paradigms.app/Paradigms";
			};
			name = Debug;
		};
		96A679CF237B2B340011D883 /* Release */ = {
			isa = XCBuildConfiguration;
			baseConfigurationReference = 320668B73E0104F886C2A9A4 /* Pods-ParadigmsTests.release.xcconfig */;
			buildSettings = {
				ALWAYS_EMBED_SWIFT_STANDARD_LIBRARIES = YES;
				BUNDLE_LOADER = "$(TEST_HOST)";
				CLANG_ENABLE_MODULES = YES;
				CODE_SIGN_STYLE = Automatic;
				INFOPLIST_FILE = ParadigmsTests/Info.plist;
				IPHONEOS_DEPLOYMENT_TARGET = 13.1;
				LD_RUNPATH_SEARCH_PATHS = (
					"$(inherited)",
					"@executable_path/Frameworks",
					"@loader_path/Frameworks",
				);
				PRODUCT_BUNDLE_IDENTIFIER = com.bevthedev.ParadigmsTests;
				PRODUCT_NAME = "$(TARGET_NAME)";
				SWIFT_VERSION = 4.2;
				TARGETED_DEVICE_FAMILY = "1,2";
				TEST_HOST = "$(BUILT_PRODUCTS_DIR)/Paradigms.app/Paradigms";
			};
			name = Release;
		};
		96A679D1237B2B340011D883 /* Debug */ = {
			isa = XCBuildConfiguration;
			baseConfigurationReference = 6B2117BADE80CFB9162B3AD9 /* Pods-ParadigmsUITests.debug.xcconfig */;
			buildSettings = {
				ALWAYS_EMBED_SWIFT_STANDARD_LIBRARIES = YES;
				CODE_SIGN_STYLE = Automatic;
				INFOPLIST_FILE = ParadigmsUITests/Info.plist;
				LD_RUNPATH_SEARCH_PATHS = (
					"$(inherited)",
					"@executable_path/Frameworks",
					"@loader_path/Frameworks",
				);
				PRODUCT_BUNDLE_IDENTIFIER = com.bevthedev.ParadigmsUITests;
				PRODUCT_NAME = "$(TARGET_NAME)";
				SWIFT_VERSION = 4.2;
				TARGETED_DEVICE_FAMILY = "1,2";
				TEST_TARGET_NAME = Paradigms;
			};
			name = Debug;
		};
		96A679D2237B2B340011D883 /* Release */ = {
			isa = XCBuildConfiguration;
			baseConfigurationReference = 5382985449E29F21A17B5870 /* Pods-ParadigmsUITests.release.xcconfig */;
			buildSettings = {
				ALWAYS_EMBED_SWIFT_STANDARD_LIBRARIES = YES;
				CODE_SIGN_STYLE = Automatic;
				INFOPLIST_FILE = ParadigmsUITests/Info.plist;
				LD_RUNPATH_SEARCH_PATHS = (
					"$(inherited)",
					"@executable_path/Frameworks",
					"@loader_path/Frameworks",
				);
				PRODUCT_BUNDLE_IDENTIFIER = com.bevthedev.ParadigmsUITests;
				PRODUCT_NAME = "$(TARGET_NAME)";
				SWIFT_VERSION = 4.2;
				TARGETED_DEVICE_FAMILY = "1,2";
				TEST_TARGET_NAME = Paradigms;
			};
			name = Release;
		};
/* End XCBuildConfiguration section */

/* Begin XCConfigurationList section */
		96A67998237B2B320011D883 /* Build configuration list for PBXProject "Paradigms" */ = {
			isa = XCConfigurationList;
			buildConfigurations = (
				96A679C8237B2B340011D883 /* Debug */,
				96A679C9237B2B340011D883 /* Release */,
			);
			defaultConfigurationIsVisible = 0;
			defaultConfigurationName = Release;
		};
		96A679CA237B2B340011D883 /* Build configuration list for PBXNativeTarget "Paradigms" */ = {
			isa = XCConfigurationList;
			buildConfigurations = (
				96A679CB237B2B340011D883 /* Debug */,
				96A679CC237B2B340011D883 /* Release */,
			);
			defaultConfigurationIsVisible = 0;
			defaultConfigurationName = Release;
		};
		96A679CD237B2B340011D883 /* Build configuration list for PBXNativeTarget "ParadigmsTests" */ = {
			isa = XCConfigurationList;
			buildConfigurations = (
				96A679CE237B2B340011D883 /* Debug */,
				96A679CF237B2B340011D883 /* Release */,
			);
			defaultConfigurationIsVisible = 0;
			defaultConfigurationName = Release;
		};
		96A679D0237B2B340011D883 /* Build configuration list for PBXNativeTarget "ParadigmsUITests" */ = {
			isa = XCConfigurationList;
			buildConfigurations = (
				96A679D1237B2B340011D883 /* Debug */,
				96A679D2237B2B340011D883 /* Release */,
			);
			defaultConfigurationIsVisible = 0;
			defaultConfigurationName = Release;
		};
/* End XCConfigurationList section */

/* Begin XCVersionGroup section */
		96A679A9237B2B320011D883 /* Paradigms.xcdatamodeld */ = {
			isa = XCVersionGroup;
			children = (
				96A679AA237B2B320011D883 /* Paradigms.xcdatamodel */,
			);
			currentVersion = 96A679AA237B2B320011D883 /* Paradigms.xcdatamodel */;
			path = Paradigms.xcdatamodeld;
			sourceTree = "<group>";
			versionGroupType = wrapper.xcdatamodel;
		};
/* End XCVersionGroup section */
	};
	rootObject = 96A67995237B2B320011D883 /* Project object */;
}
