PODS:
  - Alamofire (4.9.1)
  - OHHTTPStubs/Core (8.0.0)
  - OHHTTPStubs/Default (8.0.0):
    - OHHTTPStubs/Core
    - OHHTTPStubs/JSON
    - OHHTTPStubs/NSURLSession
    - OHHTTPStubs/OHPathHelpers
  - OHHTTPStubs/JSON (8.0.0):
    - OHHTTPStubs/Core
  - OHHTTPStubs/NSURLSession (8.0.0):
    - OHHTTPStubs/Core
  - OHHTTPStubs/OHPathHelpers (8.0.0)
  - OHHTTPStubs/Swift (8.0.0):
    - OHHTTPStubs/Default
  - Reusable (4.1.0):
    - Reusable/Storyboard (= 4.1.0)
    - Reusable/View (= 4.1.0)
  - Reusable/Storyboard (4.1.0)
  - Reusable/View (4.1.0)

DEPENDENCIES:
  - Alamofire
  - OHHTTPStubs/Swift
  - Reusable

SPEC REPOS:
  https://github.com/CocoaPods/Specs.git:
    - Alamofire
  trunk:
    - OHHTTPStubs
    - Reusable

SPEC CHECKSUMS:
  Alamofire: 85e8a02c69d6020a0d734f6054870d7ecb75cf18
  OHHTTPStubs: 9cbce6364bec557cc3439aa6bb7514670d780881
  Reusable: 82be188f29d96dc5eff0db7b2393bcc08d2cdd5b

PODFILE CHECKSUM: cd5188d105ca37709046843003f301eecae38283

COCOAPODS: 1.8.4
